# This file was autogenerated by Stack.
# You should not edit this file by hand.
# For more information, please see the documentation at:
#   https://docs.haskellstack.org/en/stable/lock_files

packages: []
snapshots:
- completed:
    size: 402401
    url: https://raw.githubusercontent.com/commercialhaskell/stackage-snapshots/master/nightly/2019/10/21.yaml
    sha256: 1e20e653a1bfe841dca182754a932fbcff216cba49d72c654eea96c0a1d61e5f
  original: nightly-2019-10-21
